
Microsoft Visual Studio Solution File, Format Version 12.00
# Visual Studio Version 17
VisualStudioVersion = 17.11.35219.272
MinimumVisualStudioVersion = 10.0.40219.1
Project("{FAE04EC0-301F-11D3-BF4B-00C04F79EFBC}") = "Helper", "Helper.csproj", "{C568C288-F508-4D9D-B4DE-4AF506DEDA06}"
EndProject
Project("{FAE04EC0-301F-11D3-BF4B-00C04F79EFBC}") = "Helper.Bootstrapper", "..\Helper.Bootstrapper\Helper.Bootstrapper.csproj", "{E4858CE7-ACE1-4CAF-977D-2EB74F1792D1}"
EndProject
Project("{FAE04EC0-301F-11D3-BF4B-00C04F79EFBC}") = "Helper.View", "..\Helper.View\Helper.View.csproj", "{34E3F5F1-1D78-4849-A94C-0CEF6429E2FB}"
EndProject
Project("{FAE04EC0-301F-11D3-BF4B-00C04F79EFBC}") = "Helper.ViewModel", "..\Helper.ViewModel\Helper.ViewModel.csproj", "{12579698-D347-447F-9167-7D99185971CF}"
EndProject
Project("{FAE04EC0-301F-11D3-BF4B-00C04F79EFBC}") = "Helper.Model", "..\Helper.Model\Helper.Model.csproj", "{1FE643C0-C083-4956-88E5-0265C1F42139}"
EndProject
Global
	GlobalSection(SolutionConfigurationPlatforms) = preSolution
		Debug|Any CPU = Debug|Any CPU
		Release|Any CPU = Release|Any CPU
	EndGlobalSection
	GlobalSection(ProjectConfigurationPlatforms) = postSolution
		{C568C288-F508-4D9D-B4DE-4AF506DEDA06}.Debug|Any CPU.ActiveCfg = Debug|Any CPU
		{C568C288-F508-4D9D-B4DE-4AF506DEDA06}.Debug|Any CPU.Build.0 = Debug|Any CPU
		{C568C288-F508-4D9D-B4DE-4AF506DEDA06}.Release|Any CPU.ActiveCfg = Release|Any CPU
		{C568C288-F508-4D9D-B4DE-4AF506DEDA06}.Release|Any CPU.Build.0 = Release|Any CPU
		{E4858CE7-ACE1-4CAF-977D-2EB74F1792D1}.Debug|Any CPU.ActiveCfg = Debug|Any CPU
		{E4858CE7-ACE1-4CAF-977D-2EB74F1792D1}.Debug|Any CPU.Build.0 = Debug|Any CPU
		{E4858CE7-ACE1-4CAF-977D-2EB74F1792D1}.Release|Any CPU.ActiveCfg = Release|Any CPU
		{E4858CE7-ACE1-4CAF-977D-2EB74F1792D1}.Release|Any CPU.Build.0 = Release|Any CPU
		{34E3F5F1-1D78-4849-A94C-0CEF6429E2FB}.Debug|Any CPU.ActiveCfg = Debug|Any CPU
		{34E3F5F1-1D78-4849-A94C-0CEF6429E2FB}.Debug|Any CPU.Build.0 = Debug|Any CPU
		{34E3F5F1-1D78-4849-A94C-0CEF6429E2FB}.Release|Any CPU.ActiveCfg = Release|Any CPU
		{34E3F5F1-1D78-4849-A94C-0CEF6429E2FB}.Release|Any CPU.Build.0 = Release|Any CPU
		{12579698-D347-447F-9167-7D99185971CF}.Debug|Any CPU.ActiveCfg = Debug|Any CPU
		{12579698-D347-447F-9167-7D99185971CF}.Debug|Any CPU.Build.0 = Debug|Any CPU
		{12579698-D347-447F-9167-7D99185971CF}.Release|Any CPU.ActiveCfg = Release|Any CPU
		{12579698-D347-447F-9167-7D99185971CF}.Release|Any CPU.Build.0 = Release|Any CPU
		{1FE643C0-C083-4956-88E5-0265C1F42139}.Debug|Any CPU.ActiveCfg = Debug|Any CPU
		{1FE643C0-C083-4956-88E5-0265C1F42139}.Debug|Any CPU.Build.0 = Debug|Any CPU
		{1FE643C0-C083-4956-88E5-0265C1F42139}.Release|Any CPU.ActiveCfg = Release|Any CPU
		{1FE643C0-C083-4956-88E5-0265C1F42139}.Release|Any CPU.Build.0 = Release|Any CPU
	EndGlobalSection
	GlobalSection(SolutionProperties) = preSolution
		HideSolutionNode = FALSE
	EndGlobalSection
	GlobalSection(ExtensibilityGlobals) = postSolution
		SolutionGuid = {AE42DC6E-6BCE-407E-A71C-374D6CDEF8B0}
	EndGlobalSection
EndGlobal
